
Microsoft Visual Studio Solution File, Format Version 12.00
# Visual Studio Version 17
VisualStudioVersion = 17.4.33213.308
MinimumVisualStudioVersion = 10.0.40219.1
Project("{FAE04EC0-301F-11D3-BF4B-00C04F79EFBC}") = "PraticaFarmaceutica", "PraticaFarmaceutica\PraticaFarmaceutica.csproj", "{D82DB160-F7D2-4410-9B9A-C3FB3B30FA9B}"
EndProject
Global
	GlobalSection(SolutionConfigurationPlatforms) = preSolution
		Debug|Any CPU = Debug|Any CPU
		Release|Any CPU = Release|Any CPU
	EndGlobalSection
	GlobalSection(ProjectConfigurationPlatforms) = postSolution
		{D82DB160-F7D2-4410-9B9A-C3FB3B30FA9B}.Debug|Any CPU.ActiveCfg = Debug|Any CPU
		{D82DB160-F7D2-4410-9B9A-C3FB3B30FA9B}.Debug|Any CPU.Build.0 = Debug|Any CPU
		{D82DB160-F7D2-4410-9B9A-C3FB3B30FA9B}.Release|Any CPU.ActiveCfg = Release|Any CPU
		{D82DB160-F7D2-4410-9B9A-C3FB3B30FA9B}.Release|Any CPU.Build.0 = Release|Any CPU
	EndGlobalSection
	GlobalSection(SolutionProperties) = preSolution
		HideSolutionNode = FALSE
	EndGlobalSection
	GlobalSection(ExtensibilityGlobals) = postSolution
		SolutionGuid = {55E0FBB4-2DB7-4288-AFAC-45960A2C6E63}
	EndGlobalSection
EndGlobal
